// !$*UTF8*$!
{
	archiveVersion = 1;
	classes = {
	};
	objectVersion = 50;
	objects = {

/* Begin PBXBuildFile section */
		DAAC0B8C2252EE8C0075CF2D /* AppDelegate.swift in Sources */ = {isa = PBXBuildFile; fileRef = DAAC0B8B2252EE8C0075CF2D /* AppDelegate.swift */; };
		DAAC0B8E2252EE8C0075CF2D /* ViewController.swift in Sources */ = {isa = PBXBuildFile; fileRef = DAAC0B8D2252EE8C0075CF2D /* ViewController.swift */; };
		DAAC0B912252EE8C0075CF2D /* Main.storyboard in Resources */ = {isa = PBXBuildFile; fileRef = DAAC0B8F2252EE8C0075CF2D /* Main.storyboard */; };
		DAAC0B932252EE960075CF2D /* Assets.xcassets in Resources */ = {isa = PBXBuildFile; fileRef = DAAC0B922252EE960075CF2D /* Assets.xcassets */; };
		DAAC0B962252EE970075CF2D /* LaunchScreen.storyboard in Resources */ = {isa = PBXBuildFile; fileRef = DAAC0B942252EE970075CF2D /* LaunchScreen.storyboard */; };
/* End PBXBuildFile section */

/* Begin PBXFileReference section */
		DAAC0B882252EE8C0075CF2D /* TimeDoneList.app */ = {isa = PBXFileReference; explicitFileType = wrapper.application; includeInIndex = 0; path = TimeDoneList.app; sourceTree = BUILT_PRODUCTS_DIR; };
		DAAC0B8B2252EE8C0075CF2D /* AppDelegate.swift */ = {isa = PBXFileReference; lastKnownFileType = sourcecode.swift; path = AppDelegate.swift; sourceTree = "<group>"; };
		DAAC0B8D2252EE8C0075CF2D /* ViewController.swift */ = {isa = PBXFileReference; lastKnownFileType = sourcecode.swift; path = ViewController.swift; sourceTree = "<group>"; };
		DAAC0B902252EE8C0075CF2D /* Base */ = {isa = PBXFileReference; lastKnownFileType = file.storyboard; name = Base; path = Base.lproj/Main.storyboard; sourceTree = "<group>"; };
		DAAC0B922252EE960075CF2D /* Assets.xcassets */ = {isa = PBXFileReference; lastKnownFileType = folder.assetcatalog; path = Assets.xcassets; sourceTree = "<group>"; };
		DAAC0B952252EE970075CF2D /* Base */ = {isa = PBXFileReference; lastKnownFileType = file.storyboard; name = Base; path = Base.lproj/LaunchScreen.storyboard; sourceTree = "<group>"; };
		DAAC0B972252EE970075CF2D /* Info.plist */ = {isa = PBXFileReference; lastKnownFileType = text.plist.xml; path = Info.plist; sourceTree = "<group>"; };
/* End PBXFileReference section */

/* Begin PBXFrameworksBuildPhase section */
		DAAC0B852252EE8C0075CF2D /* Frameworks */ = {
			isa = PBXFrameworksBuildPhase;
			buildActionMask = 2147483647;
			files = (
			);
			runOnlyForDeploymentPostprocessing = 0;
		};
/* End PBXFrameworksBuildPhase section */

/* Begin PBXGroup section */
		DAAC0B7F2252EE8C0075CF2D = {
			isa = PBXGroup;
			children = (
				DAAC0B8A2252EE8C0075CF2D /* TimeDoneList */,
				DAAC0B892252EE8C0075CF2D /* Products */,
			);
			sourceTree = "<group>";
		};
		DAAC0B892252EE8C0075CF2D /* Products */ = {
			isa = PBXGroup;
			children = (
				DAAC0B882252EE8C0075CF2D /* TimeDoneList.app */,
			);
			name = Products;
			sourceTree = "<group>";
		};
		DAAC0B8A2252EE8C0075CF2D /* TimeDoneList */ = {
			isa = PBXGroup;
			children = (
				DAAC0B8B2252EE8C0075CF2D /* AppDelegate.swift */,
				DAAC0B8D2252EE8C0075CF2D /* ViewController.swift */,
				DAAC0B8F2252EE8C0075CF2D /* Main.storyboard */,
				DAAC0B922252EE960075CF2D /* Assets.xcassets */,
				DAAC0B942252EE970075CF2D /* LaunchScreen.storyboard */,
				DAAC0B972252EE970075CF2D /* Info.plist */,
			);
			path = TimeDoneList;
			sourceTree = "<group>";
		};
/* End PBXGroup section */

/* Begin PBXNativeTarget section */
		DAAC0B872252EE8C0075CF2D /* TimeDoneList */ = {
			isa = PBXNativeTarget;
			buildConfigurationList = DAAC0B9A2252EE970075CF2D /* Build configuration list for PBXNativeTarget "TimeDoneList" */;
			buildPhases = (
				DAAC0B842252EE8C0075CF2D /* Sources */,
				DAAC0B852252EE8C0075CF2D /* Frameworks */,
				DAAC0B862252EE8C0075CF2D /* Resources */,
			);
			buildRules = (
			);
			dependencies = (
			);
			name = TimeDoneList;
			productName = TimeDoneList;
			productReference = DAAC0B882252EE8C0075CF2D /* TimeDoneList.app */;
			productType = "com.apple.product-type.application";
		};
/* End PBXNativeTarget section */

/* Begin PBXProject section */
		DAAC0B802252EE8C0075CF2D /* Project object */ = {
			isa = PBXProject;
			attributes = {
				LastSwiftUpdateCheck = 1010;
				LastUpgradeCheck = 1010;
				ORGANIZATIONNAME = osanai;
				TargetAttributes = {
					DAAC0B872252EE8C0075CF2D = {
						CreatedOnToolsVersion = 10.1;
					};
				};
			};
			buildConfigurationList = DAAC0B832252EE8C0075CF2D /* Build configuration list for PBXProject "TimeDoneList" */;
			compatibilityVersion = "Xcode 9.3";
			developmentRegion = en;
			hasScannedForEncodings = 0;
			knownRegions = (
				en,
				Base,
			);
			mainGroup = DAAC0B7F2252EE8C0075CF2D;
			productRefGroup = DAAC0B892252EE8C0075CF2D /* Products */;
			projectDirPath = "";
			projectRoot = "";
			targets = (
				DAAC0B872252EE8C0075CF2D /* TimeDoneList */,
			);
		};
/* End PBXProject section */

/* Begin PBXResourcesBuildPhase section */
		DAAC0B862252EE8C0075CF2D /* Resources */ = {
			isa = PBXResourcesBuildPhase;
			buildActionMask = 2147483647;
			files = (
				DAAC0B962252EE970075CF2D /* LaunchScreen.storyboard in Resources */,
				DAAC0B932252EE960075CF2D /* Assets.xcassets in Resources */,
				DAAC0B912252EE8C0075CF2D /* Main.storyboard in Resources */,
			);
			runOnlyForDeploymentPostprocessing = 0;
		};
/* End PBXResourcesBuildPhase section */

/* Begin PBXSourcesBuildPhase section */
		DAAC0B842252EE8C0075CF2D /* Sources */ = {
			isa = PBXSourcesBuildPhase;
			buildActionMask = 2147483647;
			files = (
				DAAC0B8E2252EE8C0075CF2D /* ViewController.swift in Sources */,
				DAAC0B8C2252EE8C0075CF2D /* AppDelegate.swift in Sources */,
			);
			runOnlyForDeploymentPostprocessing = 0;
		};
/* End PBXSourcesBuildPhase section */

/* Begin PBXVariantGroup section */
		DAAC0B8F2252EE8C0075CF2D /* Main.storyboard */ = {
			isa = PBXVariantGroup;
			children = (
				DAAC0B902252EE8C0075CF2D /* Base */,
			);
			name = Main.storyboard;
			sourceTree = "<group>";
		};
		DAAC0B942252EE970075CF2D /* LaunchScreen.storyboard */ = {
			isa = PBXVariantGroup;
			children = (
				DAAC0B952252EE970075CF2D /* Base */,
			);
			name = LaunchScreen.storyboard;
			sourceTree = "<group>";
		};
/* End PBXVariantGroup section */

/* Begin XCBuildConfiguration section */
		DAAC0B982252EE970075CF2D /* Debug */ = {
			isa = XCBuildConfiguration;
			buildSettings = {
				ALWAYS_SEARCH_USER_PATHS = NO;
				CLANG_ANALYZER_NONNULL = YES;
				CLANG_ANALYZER_NUMBER_OBJECT_CONVERSION = YES_AGGRESSIVE;
				CLANG_CXX_LANGUAGE_STANDARD = "gnu++14";
				CLANG_CXX_LIBRARY = "libc++";
				CLANG_ENABLE_MODULES = YES;
				CLANG_ENABLE_OBJC_ARC = YES;
				CLANG_ENABLE_OBJC_WEAK = YES;
				CLANG_WARN_BLOCK_CAPTURE_AUTORELEASING = YES;
				CLANG_WARN_BOOL_CONVERSION = YES;
				CLANG_WARN_COMMA = YES;
				CLANG_WARN_CONSTANT_CONVERSION = YES;
				CLANG_WARN_DEPRECATED_OBJC_IMPLEMENTATIONS = YES;
				CLANG_WARN_DIRECT_OBJC_ISA_USAGE = YES_ERROR;
				CLANG_WARN_DOCUMENTATION_COMMENTS = YES;
				CLANG_WARN_EMPTY_BODY = YES;
				CLANG_WARN_ENUM_CONVERSION = YES;
				CLANG_WARN_INFINITE_RECURSION = YES;
				CLANG_WARN_INT_CONVERSION = YES;
				CLANG_WARN_NON_LITERAL_NULL_CONVERSION = YES;
				CLANG_WARN_OBJC_IMPLICIT_RETAIN_SELF = YES;
				CLANG_WARN_OBJC_LITERAL_CONVERSION = YES;
				CLANG_WARN_OBJC_ROOT_CLASS = YES_ERROR;
				CLANG_WARN_RANGE_LOOP_ANALYSIS = YES;
				CLANG_WARN_STRICT_PROTOTYPES = YES;
				CLANG_WARN_SUSPICIOUS_MOVE = YES;
				CLANG_WARN_UNGUARDED_AVAILABILITY = YES_AGGRESSIVE;
				CLANG_WARN_UNREACHABLE_CODE = YES;
				CLANG_WARN__DUPLICATE_METHOD_MATCH = YES;
				CODE_SIGN_IDENTITY = "iPhone Developer";
				COPY_PHASE_STRIP = NO;
				DEBUG_INFORMATION_FORMAT = dwarf;
				ENABLE_STRICT_OBJC_MSGSEND = YES;
				ENABLE_TESTABILITY = YES;
				GCC_C_LANGUAGE_STANDARD = gnu11;
				GCC_DYNAMIC_NO_PIC = NO;
				GCC_NO_COMMON_BLOCKS = YES;
				GCC_OPTIMIZATION_LEVEL = 0;
				GCC_PREPROCESSOR_DEFINITIONS = (
					"DEBUG=1",
					"$(inherited)",
				);
				GCC_WARN_64_TO_32_BIT_CONVERSION = YES;
				GCC_WARN_ABOUT_RETURN_TYPE = YES_ERROR;
				GCC_WARN_UNDECLARED_SELECTOR = YES;
				GCC_WARN_UNINITIALIZED_AUTOS = YES_AGGRESSIVE;
				GCC_WARN_UNUSED_FUNCTION = YES;
				GCC_WARN_UNUSED_VARIABLE = YES;
				IPHONEOS_DEPLOYMENT_TARGET = 12.1;
				MTL_ENABLE_DEBUG_INFO = INCLUDE_SOURCE;
				MTL_FAST_MATH = YES;
				ONLY_ACTIVE_ARCH = YES;
				SDKROOT = iphoneos;
				SWIFT_ACTIVE_COMPILATION_CONDITIONS = DEBUG;
				SWIFT_OPTIMIZATION_LEVEL = "-Onone";
			};
			name = Debug;
		};
		DAAC0B992252EE970075CF2D /* Release */ = {
			isa = XCBuildConfiguration;
			buildSettings = {
				ALWAYS_SEARCH_USER_PATHS = NO;
				CLANG_ANALYZER_NONNULL = YES;
				CLANG_ANALYZER_NUMBER_OBJECT_CONVERSION = YES_AGGRESSIVE;
				CLANG_CXX_LANGUAGE_STANDARD = "gnu++14";
				CLANG_CXX_LIBRARY = "libc++";
				CLANG_ENABLE_MODULES = YES;
				CLANG_ENABLE_OBJC_ARC = YES;
				CLANG_ENABLE_OBJC_WEAK = YES;
				CLANG_WARN_BLOCK_CAPTURE_AUTORELEASING = YES;
				CLANG_WARN_BOOL_CONVERSION = YES;
				CLANG_WARN_COMMA = YES;
				CLANG_WARN_CONSTANT_CONVERSION = YES;
				CLANG_WARN_DEPRECATED_OBJC_IMPLEMENTATIONS = YES;
				CLANG_WARN_DIRECT_OBJC_ISA_USAGE = YES_ERROR;
				CLANG_WARN_DOCUMENTATION_COMMENTS = YES;
				CLANG_WARN_EMPTY_BODY = YES;
				CLANG_WARN_ENUM_CONVERSION = YES;
				CLANG_WARN_INFINITE_RECURSION = YES;
				CLANG_WARN_INT_CONVERSION = YES;
				CLANG_WARN_NON_LITERAL_NULL_CONVERSION = YES;
				CLANG_WARN_OBJC_IMPLICIT_RETAIN_SELF = YES;
				CLANG_WARN_OBJC_LITERAL_CONVERSION = YES;
				CLANG_WARN_OBJC_ROOT_CLASS = YES_ERROR;
				CLANG_WARN_RANGE_LOOP_ANALYSIS = YES;
				CLANG_WARN_STRICT_PROTOTYPES = YES;
				CLANG_WARN_SUSPICIOUS_MOVE = YES;
				CLANG_WARN_UNGUARDED_AVAILABILITY = YES_AGGRESSIVE;
				CLANG_WARN_UNREACHABLE_CODE = YES;
				CLANG_WARN__DUPLICATE_METHOD_MATCH = YES;
				CODE_SIGN_IDENTITY = "iPhone Developer";
				COPY_PHASE_STRIP = NO;
				DEBUG_INFORMATION_FORMAT = "dwarf-with-dsym";
				ENABLE_NS_ASSERTIONS = NO;
				ENABLE_STRICT_OBJC_MSGSEND = YES;
				GCC_C_LANGUAGE_STANDARD = gnu11;
				GCC_NO_COMMON_BLOCKS = YES;
				GCC_WARN_64_TO_32_BIT_CONVERSION = YES;
				GCC_WARN_ABOUT_RETURN_TYPE = YES_ERROR;
				GCC_WARN_UNDECLARED_SELECTOR = YES;
				GCC_WARN_UNINITIALIZED_AUTOS = YES_AGGRESSIVE;
				GCC_WARN_UNUSED_FUNCTION = YES;
				GCC_WARN_UNUSED_VARIABLE = YES;
				IPHONEOS_DEPLOYMENT_TARGET = 12.1;
				MTL_ENABLE_DEBUG_INFO = NO;
				MTL_FAST_MATH = YES;
				SDKROOT = iphoneos;
				SWIFT_COMPILATION_MODE = wholemodule;
				SWIFT_OPTIMIZATION_LEVEL = "-O";
				VALIDATE_PRODUCT = YES;
			};
			name = Release;
		};
		DAAC0B9B2252EE970075CF2D /* Debug */ = {
			isa = XCBuildConfiguration;
			buildSettings = {
				ASSETCATALOG_COMPILER_APPICON_NAME = AppIcon;
				CODE_SIGN_STYLE = Automatic;
				DEVELOPMENT_TEAM = U7MW83A3B2;
				INFOPLIST_FILE = TimeDoneList/Info.plist;
				LD_RUNPATH_SEARCH_PATHS = (
					"$(inherited)",
					"@executable_path/Frameworks",
				);
				PRODUCT_BUNDLE_IDENTIFIER = osanai.TimeDoneList;
				PRODUCT_NAME = "$(TARGET_NAME)";
				SWIFT_VERSION = 4.2;
				TARGETED_DEVICE_FAMILY = "1,2";
			};
			name = Debug;
		};
		DAAC0B9C2252EE970075CF2D /* Release */ = {
			isa = XCBuildConfiguration;
			buildSettings = {
				ASSETCATALOG_COMPILER_APPICON_NAME = AppIcon;
				CODE_SIGN_STYLE = Automatic;
				DEVELOPMENT_TEAM = U7MW83A3B2;
				INFOPLIST_FILE = TimeDoneList/Info.plist;
				LD_RUNPATH_SEARCH_PATHS = (
					"$(inherited)",
					"@executable_path/Frameworks",
				);
				PRODUCT_BUNDLE_IDENTIFIER = osanai.TimeDoneList;
				PRODUCT_NAME = "$(TARGET_NAME)";
				SWIFT_VERSION = 4.2;
				TARGETED_DEVICE_FAMILY = "1,2";
			};
			name = Release;
		};
/* End XCBuildConfiguration section */

/* Begin XCConfigurationList section */
		DAAC0B832252EE8C0075CF2D /* Build configuration list for PBXProject "TimeDoneList" */ = {
			isa = XCConfigurationList;
			buildConfigurations = (
				DAAC0B982252EE970075CF2D /* Debug */,
				DAAC0B992252EE970075CF2D /* Release */,
			);
			defaultConfigurationIsVisible = 0;
			defaultConfigurationName = Release;
		};
		DAAC0B9A2252EE970075CF2D /* Build configuration list for PBXNativeTarget "TimeDoneList" */ = {
			isa = XCConfigurationList;
			buildConfigurations = (
				DAAC0B9B2252EE970075CF2D /* Debug */,
				DAAC0B9C2252EE970075CF2D /* Release */,
			);
			defaultConfigurationIsVisible = 0;
			defaultConfigurationName = Release;
		};
/* End XCConfigurationList section */
	};
	rootObject = DAAC0B802252EE8C0075CF2D /* Project object */;
}
